
Microsoft Visual Studio Solution File, Format Version 12.00
# Visual Studio Version 16
VisualStudioVersion = 16.0.30011.22
MinimumVisualStudioVersion = 10.0.40219.1
Project("{FAE04EC0-301F-11D3-BF4B-00C04F79EFBC}") = "MiCalculadora", "MiCalculadora\MiCalculadora.csproj", "{2C412364-7B9C-4E05-AB58-B5DD1DC16EE3}"
EndProject
Project("{FAE04EC0-301F-11D3-BF4B-00C04F79EFBC}") = "Entidades", "Entidades\Entidades.csproj", "{242F7AB2-2892-4C32-B064-876B0E6D784D}"
EndProject
Global
	GlobalSection(SolutionConfigurationPlatforms) = preSolution
		Debug|Any CPU = Debug|Any CPU
		Release|Any CPU = Release|Any CPU
	EndGlobalSection
	GlobalSection(ProjectConfigurationPlatforms) = postSolution
		{2C412364-7B9C-4E05-AB58-B5DD1DC16EE3}.Debug|Any CPU.ActiveCfg = Debug|Any CPU
		{2C412364-7B9C-4E05-AB58-B5DD1DC16EE3}.Debug|Any CPU.Build.0 = Debug|Any CPU
		{2C412364-7B9C-4E05-AB58-B5DD1DC16EE3}.Release|Any CPU.ActiveCfg = Release|Any CPU
		{2C412364-7B9C-4E05-AB58-B5DD1DC16EE3}.Release|Any CPU.Build.0 = Release|Any CPU
		{242F7AB2-2892-4C32-B064-876B0E6D784D}.Debug|Any CPU.ActiveCfg = Debug|Any CPU
		{242F7AB2-2892-4C32-B064-876B0E6D784D}.Debug|Any CPU.Build.0 = Debug|Any CPU
		{242F7AB2-2892-4C32-B064-876B0E6D784D}.Release|Any CPU.ActiveCfg = Release|Any CPU
		{242F7AB2-2892-4C32-B064-876B0E6D784D}.Release|Any CPU.Build.0 = Release|Any CPU
	EndGlobalSection
	GlobalSection(SolutionProperties) = preSolution
		HideSolutionNode = FALSE
	EndGlobalSection
	GlobalSection(ExtensibilityGlobals) = postSolution
		SolutionGuid = {2ABA7CB9-9D91-46F8-B60C-80F628071B78}
	EndGlobalSection
EndGlobal
